<?xml version="1.0" encoding="UTF-8"?>
<Solution>
	<Configurations>
		<BuildType Name="Debug"/>
		<BuildType Name="Release"/>
		<BuildType Name="MinSizeRel"/>
		<BuildType Name="RelWithDebInfo"/>
		<Platform Name="x64"/>
	</Configurations>
	<Project Path="ALL_BUILD.vcxproj" Type="8bc9ceb8-8b4a-11d0-8d11-00a0c91bc942" Id="a261ae29-87e7-3cb7-b860-183e17fcaca2" DefaultStartup="true">
		<BuildDependency Project="ZERO_CHECK.vcxproj"/>
		<BuildDependency Project="pycdas.vcxproj"/>
		<BuildDependency Project="pycdc.vcxproj"/>
		<BuildDependency Project="pycxx.vcxproj"/>
	</Project>
	<Project Path="INSTALL.vcxproj" Type="8bc9ceb8-8b4a-11d0-8d11-00a0c91bc942" Id="f8c9b7f3-b5d9-3da3-b90c-a81b45d71b75">
		<BuildDependency Project="ALL_BUILD.vcxproj"/>
		<BuildDependency Project="ZERO_CHECK.vcxproj"/>
		<Build Solution="Debug|*" Project="false"/>
		<Build Solution="Release|*" Project="false"/>
		<Build Solution="MinSizeRel|*" Project="false"/>
		<Build Solution="RelWithDebInfo|*" Project="false"/>
	</Project>
	<Project Path="ZERO_CHECK.vcxproj" Type="8bc9ceb8-8b4a-11d0-8d11-00a0c91bc942" Id="31a5fc88-6470-3f27-bb02-def9be708acb"/>
	<Project Path="check.vcxproj" Type="8bc9ceb8-8b4a-11d0-8d11-00a0c91bc942" Id="fab81070-0feb-3661-90d2-dd122bd7cd90">
		<BuildDependency Project="ZERO_CHECK.vcxproj"/>
		<BuildDependency Project="pycdc.vcxproj"/>
		<Build Solution="Debug|*" Project="false"/>
		<Build Solution="Release|*" Project="false"/>
		<Build Solution="MinSizeRel|*" Project="false"/>
		<Build Solution="RelWithDebInfo|*" Project="false"/>
	</Project>
	<Project Path="pycdas.vcxproj" Type="8bc9ceb8-8b4a-11d0-8d11-00a0c91bc942" Id="569b97ca-bffa-3c10-b01e-5ec2cfce996f">
		<BuildDependency Project="ZERO_CHECK.vcxproj"/>
		<BuildDependency Project="pycxx.vcxproj"/>
	</Project>
	<Project Path="pycdc.vcxproj" Type="8bc9ceb8-8b4a-11d0-8d11-00a0c91bc942" Id="695b5bc3-05ca-390d-86ee-e67cfe8f7407">
		<BuildDependency Project="ZERO_CHECK.vcxproj"/>
		<BuildDependency Project="pycxx.vcxproj"/>
	</Project>
	<Project Path="pycxx.vcxproj" Type="8bc9ceb8-8b4a-11d0-8d11-00a0c91bc942" Id="0a0464d8-cb4a-39c0-8061-fc9395a11b37">
		<BuildDependency Project="ZERO_CHECK.vcxproj"/>
	</Project>
</Solution>
